
Microsoft Visual Studio Solution File, Format Version 12.00
# Visual Studio Version 17
VisualStudioVersion = 17.4.33122.133
MinimumVisualStudioVersion = 10.0.40219.1
Project("{9A19103F-16F7-4668-BE54-9A1E7A4F7556}") = "AutoMK", "AutoMK\AutoMK.csproj", "{626255B3-62CA-465C-89EA-39961AE7D887}"
EndProject
Project("{FAE04EC0-301F-11D3-BF4B-00C04F79EFBC}") = "AutoMK.WinUI", "AutoMK.WinUI\AutoMK.WinUI.csproj", "{1AADDCED-0083-4778-A06C-5BCE28047CC5}"
EndProject
Project("{FAE04EC0-301F-11D3-BF4B-00C04F79EFBC}") = "AutoMK.WinCore", "AutoMK.WinCore\AutoMK.WinCore.csproj", "{9B5A0825-AC0B-4529-A1BA-35B7000223D2}"
EndProject
Global
	GlobalSection(SolutionConfigurationPlatforms) = preSolution
		Debug|Any CPU = Debug|Any CPU
		Release|Any CPU = Release|Any CPU
	EndGlobalSection
	GlobalSection(ProjectConfigurationPlatforms) = postSolution
		{626255B3-62CA-465C-89EA-39961AE7D887}.Debug|Any CPU.ActiveCfg = Debug|Any CPU
		{626255B3-62CA-465C-89EA-39961AE7D887}.Debug|Any CPU.Build.0 = Debug|Any CPU
		{626255B3-62CA-465C-89EA-39961AE7D887}.Release|Any CPU.ActiveCfg = Release|Any CPU
		{626255B3-62CA-465C-89EA-39961AE7D887}.Release|Any CPU.Build.0 = Release|Any CPU
		{1AADDCED-0083-4778-A06C-5BCE28047CC5}.Debug|Any CPU.ActiveCfg = Debug|Any CPU
		{1AADDCED-0083-4778-A06C-5BCE28047CC5}.Debug|Any CPU.Build.0 = Debug|Any CPU
		{1AADDCED-0083-4778-A06C-5BCE28047CC5}.Release|Any CPU.ActiveCfg = Release|Any CPU
		{1AADDCED-0083-4778-A06C-5BCE28047CC5}.Release|Any CPU.Build.0 = Release|Any CPU
		{9B5A0825-AC0B-4529-A1BA-35B7000223D2}.Debug|Any CPU.ActiveCfg = Debug|Any CPU
		{9B5A0825-AC0B-4529-A1BA-35B7000223D2}.Debug|Any CPU.Build.0 = Debug|Any CPU
		{9B5A0825-AC0B-4529-A1BA-35B7000223D2}.Release|Any CPU.ActiveCfg = Release|Any CPU
		{9B5A0825-AC0B-4529-A1BA-35B7000223D2}.Release|Any CPU.Build.0 = Release|Any CPU
	EndGlobalSection
	GlobalSection(SolutionProperties) = preSolution
		HideSolutionNode = FALSE
	EndGlobalSection
	GlobalSection(ExtensibilityGlobals) = postSolution
		SolutionGuid = {B8473FEE-88C9-4165-B1C6-D23C9D0AAB37}
	EndGlobalSection
EndGlobal
